{
    "name": "astal-shell",
    "lockfileVersion": 3,
    "requires": true,
    "packages": {
        "": {
            "name": "astal-shell",
            "dependencies": {
                "astal": "/home/taw/.local/share/ags"
            }
        },
        "../../../../../nix/store/1ckqvmr9hngfanwa6aw23cskymvh215c-astal-gjs/share/astal/gjs": {
            "name": "astal",
            "extraneous": true,
            "license": "LGPL-2.1"
        },
        "../../../.local/share/ags": {
            "name": "astal",
            "license": "LGPL-2.1"
        },
        "node_modules/astal": {
            "resolved": "../../../.local/share/ags",
            "link": true
        }
    }
}
